// !$*UTF8*$!
{
	archiveVersion = 1;
	classes = {
	};
	objectVersion = 46;
	objects = {

/* Begin PBXBuildFile section */
		6053A8F6BD45B352C4B2866D /* Pods_Yummly.framework in Frameworks */ = {isa = PBXBuildFile; fileRef = C02669639186E54A2757F621 /* Pods_Yummly.framework */; };
		DBB761321F05E45B005EB98C /* AppDelegate.swift in Sources */ = {isa = PBXBuildFile; fileRef = DBB761311F05E45B005EB98C /* AppDelegate.swift */; };
		DBB761341F05E45B005EB98C /* ViewController.swift in Sources */ = {isa = PBXBuildFile; fileRef = DBB761331F05E45B005EB98C /* ViewController.swift */; };
		DBB761371F05E45B005EB98C /* Main.storyboard in Resources */ = {isa = PBXBuildFile; fileRef = DBB761351F05E45B005EB98C /* Main.storyboard */; };
		DBB761391F05E45B005EB98C /* Assets.xcassets in Resources */ = {isa = PBXBuildFile; fileRef = DBB761381F05E45B005EB98C /* Assets.xcassets */; };
		DBB7613C1F05E45B005EB98C /* LaunchScreen.storyboard in Resources */ = {isa = PBXBuildFile; fileRef = DBB7613A1F05E45B005EB98C /* LaunchScreen.storyboard */; };
		DBB761471F05E45B005EB98C /* YummlyTests.swift in Sources */ = {isa = PBXBuildFile; fileRef = DBB761461F05E45B005EB98C /* YummlyTests.swift */; };
		DBB761521F05E45B005EB98C /* YummlyUITests.swift in Sources */ = {isa = PBXBuildFile; fileRef = DBB761511F05E45B005EB98C /* YummlyUITests.swift */; };
/* End PBXBuildFile section */

/* Begin PBXContainerItemProxy section */
		DBB761431F05E45B005EB98C /* PBXContainerItemProxy */ = {
			isa = PBXContainerItemProxy;
			containerPortal = DBB761261F05E45B005EB98C /* Project object */;
			proxyType = 1;
			remoteGlobalIDString = DBB7612D1F05E45B005EB98C;
			remoteInfo = Yummly;
		};
		DBB7614E1F05E45B005EB98C /* PBXContainerItemProxy */ = {
			isa = PBXContainerItemProxy;
			containerPortal = DBB761261F05E45B005EB98C /* Project object */;
			proxyType = 1;
			remoteGlobalIDString = DBB7612D1F05E45B005EB98C;
			remoteInfo = Yummly;
		};
/* End PBXContainerItemProxy section */

/* Begin PBXFileReference section */
		01B0AAF169E4DE0BFD52FDCA /* Pods-Yummly.release.xcconfig */ = {isa = PBXFileReference; includeInIndex = 1; lastKnownFileType = text.xcconfig; name = "Pods-Yummly.release.xcconfig"; path = "Pods/Target Support Files/Pods-Yummly/Pods-Yummly.release.xcconfig"; sourceTree = "<group>"; };
		0A8088D120B8F3086CC15CD9 /* Pods-Yummly.debug.xcconfig */ = {isa = PBXFileReference; includeInIndex = 1; lastKnownFileType = text.xcconfig; name = "Pods-Yummly.debug.xcconfig"; path = "Pods/Target Support Files/Pods-Yummly/Pods-Yummly.debug.xcconfig"; sourceTree = "<group>"; };
		C02669639186E54A2757F621 /* Pods_Yummly.framework */ = {isa = PBXFileReference; explicitFileType = wrapper.framework; includeInIndex = 0; path = Pods_Yummly.framework; sourceTree = BUILT_PRODUCTS_DIR; };
		DBB7612E1F05E45B005EB98C /* Yummly.app */ = {isa = PBXFileReference; explicitFileType = wrapper.application; includeInIndex = 0; path = Yummly.app; sourceTree = BUILT_PRODUCTS_DIR; };
		DBB761311F05E45B005EB98C /* AppDelegate.swift */ = {isa = PBXFileReference; lastKnownFileType = sourcecode.swift; path = AppDelegate.swift; sourceTree = "<group>"; };
		DBB761331F05E45B005EB98C /* ViewController.swift */ = {isa = PBXFileReference; lastKnownFileType = sourcecode.swift; path = ViewController.swift; sourceTree = "<group>"; };
		DBB761361F05E45B005EB98C /* Base */ = {isa = PBXFileReference; lastKnownFileType = file.storyboard; name = Base; path = Base.lproj/Main.storyboard; sourceTree = "<group>"; };
		DBB761381F05E45B005EB98C /* Assets.xcassets */ = {isa = PBXFileReference; lastKnownFileType = folder.assetcatalog; path = Assets.xcassets; sourceTree = "<group>"; };
		DBB7613B1F05E45B005EB98C /* Base */ = {isa = PBXFileReference; lastKnownFileType = file.storyboard; name = Base; path = Base.lproj/LaunchScreen.storyboard; sourceTree = "<group>"; };
		DBB7613D1F05E45B005EB98C /* Info.plist */ = {isa = PBXFileReference; lastKnownFileType = text.plist.xml; path = Info.plist; sourceTree = "<group>"; };
		DBB761421F05E45B005EB98C /* YummlyTests.xctest */ = {isa = PBXFileReference; explicitFileType = wrapper.cfbundle; includeInIndex = 0; path = YummlyTests.xctest; sourceTree = BUILT_PRODUCTS_DIR; };
		DBB761461F05E45B005EB98C /* YummlyTests.swift */ = {isa = PBXFileReference; lastKnownFileType = sourcecode.swift; path = YummlyTests.swift; sourceTree = "<group>"; };
		DBB761481F05E45B005EB98C /* Info.plist */ = {isa = PBXFileReference; lastKnownFileType = text.plist.xml; path = Info.plist; sourceTree = "<group>"; };
		DBB7614D1F05E45B005EB98C /* YummlyUITests.xctest */ = {isa = PBXFileReference; explicitFileType = wrapper.cfbundle; includeInIndex = 0; path = YummlyUITests.xctest; sourceTree = BUILT_PRODUCTS_DIR; };
		DBB761511F05E45B005EB98C /* YummlyUITests.swift */ = {isa = PBXFileReference; lastKnownFileType = sourcecode.swift; path = YummlyUITests.swift; sourceTree = "<group>"; };
		DBB761531F05E45B005EB98C /* Info.plist */ = {isa = PBXFileReference; lastKnownFileType = text.plist.xml; path = Info.plist; sourceTree = "<group>"; };
/* End PBXFileReference section */

/* Begin PBXFrameworksBuildPhase section */
		DBB7612B1F05E45B005EB98C /* Frameworks */ = {
			isa = PBXFrameworksBuildPhase;
			buildActionMask = 2147483647;
			files = (
				6053A8F6BD45B352C4B2866D /* Pods_Yummly.framework in Frameworks */,
			);
			runOnlyForDeploymentPostprocessing = 0;
		};
		DBB7613F1F05E45B005EB98C /* Frameworks */ = {
			isa = PBXFrameworksBuildPhase;
			buildActionMask = 2147483647;
			files = (
			);
			runOnlyForDeploymentPostprocessing = 0;
		};
		DBB7614A1F05E45B005EB98C /* Frameworks */ = {
			isa = PBXFrameworksBuildPhase;
			buildActionMask = 2147483647;
			files = (
			);
			runOnlyForDeploymentPostprocessing = 0;
		};
/* End PBXFrameworksBuildPhase section */

/* Begin PBXGroup section */
		31B2E21A20358A49AD4E4B89 /* Pods */ = {
			isa = PBXGroup;
			children = (
				0A8088D120B8F3086CC15CD9 /* Pods-Yummly.debug.xcconfig */,
				01B0AAF169E4DE0BFD52FDCA /* Pods-Yummly.release.xcconfig */,
			);
			name = Pods;
			sourceTree = "<group>";
		};
		DBB761251F05E45B005EB98C = {
			isa = PBXGroup;
			children = (
				DBB761301F05E45B005EB98C /* Yummly */,
				DBB761451F05E45B005EB98C /* YummlyTests */,
				DBB761501F05E45B005EB98C /* YummlyUITests */,
				DBB7612F1F05E45B005EB98C /* Products */,
				31B2E21A20358A49AD4E4B89 /* Pods */,
				DC86B48141171EF34CCC4A60 /* Frameworks */,
			);
			sourceTree = "<group>";
		};
		DBB7612F1F05E45B005EB98C /* Products */ = {
			isa = PBXGroup;
			children = (
				DBB7612E1F05E45B005EB98C /* Yummly.app */,
				DBB761421F05E45B005EB98C /* YummlyTests.xctest */,
				DBB7614D1F05E45B005EB98C /* YummlyUITests.xctest */,
			);
			name = Products;
			sourceTree = "<group>";
		};
		DBB761301F05E45B005EB98C /* Yummly */ = {
			isa = PBXGroup;
			children = (
				DBB761311F05E45B005EB98C /* AppDelegate.swift */,
				DBB761331F05E45B005EB98C /* ViewController.swift */,
				DBB761351F05E45B005EB98C /* Main.storyboard */,
				DBB761381F05E45B005EB98C /* Assets.xcassets */,
				DBB7613A1F05E45B005EB98C /* LaunchScreen.storyboard */,
				DBB7613D1F05E45B005EB98C /* Info.plist */,
			);
			path = Yummly;
			sourceTree = "<group>";
		};
		DBB761451F05E45B005EB98C /* YummlyTests */ = {
			isa = PBXGroup;
			children = (
				DBB761461F05E45B005EB98C /* YummlyTests.swift */,
				DBB761481F05E45B005EB98C /* Info.plist */,
			);
			path = YummlyTests;
			sourceTree = "<group>";
		};
		DBB761501F05E45B005EB98C /* YummlyUITests */ = {
			isa = PBXGroup;
			children = (
				DBB761511F05E45B005EB98C /* YummlyUITests.swift */,
				DBB761531F05E45B005EB98C /* Info.plist */,
			);
			path = YummlyUITests;
			sourceTree = "<group>";
		};
		DC86B48141171EF34CCC4A60 /* Frameworks */ = {
			isa = PBXGroup;
			children = (
				C02669639186E54A2757F621 /* Pods_Yummly.framework */,
			);
			name = Frameworks;
			sourceTree = "<group>";
		};
/* End PBXGroup section */

/* Begin PBXNativeTarget section */
		DBB7612D1F05E45B005EB98C /* Yummly */ = {
			isa = PBXNativeTarget;
			buildConfigurationList = DBB761561F05E45B005EB98C /* Build configuration list for PBXNativeTarget "Yummly" */;
			buildPhases = (
				B76BB477BCB76B4F3088C385 /* [CP] Check Pods Manifest.lock */,
				DBB7612A1F05E45B005EB98C /* Sources */,
				DBB7612B1F05E45B005EB98C /* Frameworks */,
				DBB7612C1F05E45B005EB98C /* Resources */,
				43FF70284927FFCED70AAC45 /* [CP] Embed Pods Frameworks */,
				8DE288CBFCB9CEF4DA9B44CA /* [CP] Copy Pods Resources */,
			);
			buildRules = (
			);
			dependencies = (
			);
			name = Yummly;
			productName = Yummly;
			productReference = DBB7612E1F05E45B005EB98C /* Yummly.app */;
			productType = "com.apple.product-type.application";
		};
		DBB761411F05E45B005EB98C /* YummlyTests */ = {
			isa = PBXNativeTarget;
			buildConfigurationList = DBB761591F05E45B005EB98C /* Build configuration list for PBXNativeTarget "YummlyTests" */;
			buildPhases = (
				DBB7613E1F05E45B005EB98C /* Sources */,
				DBB7613F1F05E45B005EB98C /* Frameworks */,
				DBB761401F05E45B005EB98C /* Resources */,
			);
			buildRules = (
			);
			dependencies = (
				DBB761441F05E45B005EB98C /* PBXTargetDependency */,
			);
			name = YummlyTests;
			productName = YummlyTests;
			productReference = DBB761421F05E45B005EB98C /* YummlyTests.xctest */;
			productType = "com.apple.product-type.bundle.unit-test";
		};
		DBB7614C1F05E45B005EB98C /* YummlyUITests */ = {
			isa = PBXNativeTarget;
			buildConfigurationList = DBB7615C1F05E45B005EB98C /* Build configuration list for PBXNativeTarget "YummlyUITests" */;
			buildPhases = (
				DBB761491F05E45B005EB98C /* Sources */,
				DBB7614A1F05E45B005EB98C /* Frameworks */,
				DBB7614B1F05E45B005EB98C /* Resources */,
			);
			buildRules = (
			);
			dependencies = (
				DBB7614F1F05E45B005EB98C /* PBXTargetDependency */,
			);
			name = YummlyUITests;
			productName = YummlyUITests;
			productReference = DBB7614D1F05E45B005EB98C /* YummlyUITests.xctest */;
			productType = "com.apple.product-type.bundle.ui-testing";
		};
/* End PBXNativeTarget section */

/* Begin PBXProject section */
		DBB761261F05E45B005EB98C /* Project object */ = {
			isa = PBXProject;
			attributes = {
				LastSwiftUpdateCheck = 0830;
				LastUpgradeCheck = 0830;
				ORGANIZATIONNAME = gjj;
				TargetAttributes = {
					DBB7612D1F05E45B005EB98C = {
						CreatedOnToolsVersion = 8.3.3;
						DevelopmentTeam = 7ALBEQ9P8C;
						ProvisioningStyle = Automatic;
					};
					DBB761411F05E45B005EB98C = {
						CreatedOnToolsVersion = 8.3.3;
						DevelopmentTeam = 7ALBEQ9P8C;
						ProvisioningStyle = Automatic;
						TestTargetID = DBB7612D1F05E45B005EB98C;
					};
					DBB7614C1F05E45B005EB98C = {
						CreatedOnToolsVersion = 8.3.3;
						DevelopmentTeam = 7ALBEQ9P8C;
						ProvisioningStyle = Automatic;
						TestTargetID = DBB7612D1F05E45B005EB98C;
					};
				};
			};
			buildConfigurationList = DBB761291F05E45B005EB98C /* Build configuration list for PBXProject "Yummly" */;
			compatibilityVersion = "Xcode 3.2";
			developmentRegion = English;
			hasScannedForEncodings = 0;
			knownRegions = (
				en,
				Base,
			);
			mainGroup = DBB761251F05E45B005EB98C;
			productRefGroup = DBB7612F1F05E45B005EB98C /* Products */;
			projectDirPath = "";
			projectRoot = "";
			targets = (
				DBB7612D1F05E45B005EB98C /* Yummly */,
				DBB761411F05E45B005EB98C /* YummlyTests */,
				DBB7614C1F05E45B005EB98C /* YummlyUITests */,
			);
		};
/* End PBXProject section */

/* Begin PBXResourcesBuildPhase section */
		DBB7612C1F05E45B005EB98C /* Resources */ = {
			isa = PBXResourcesBuildPhase;
			buildActionMask = 2147483647;
			files = (
				DBB7613C1F05E45B005EB98C /* LaunchScreen.storyboard in Resources */,
				DBB761391F05E45B005EB98C /* Assets.xcassets in Resources */,
				DBB761371F05E45B005EB98C /* Main.storyboard in Resources */,
			);
			runOnlyForDeploymentPostprocessing = 0;
		};
		DBB761401F05E45B005EB98C /* Resources */ = {
			isa = PBXResourcesBuildPhase;
			buildActionMask = 2147483647;
			files = (
			);
			runOnlyForDeploymentPostprocessing = 0;
		};
		DBB7614B1F05E45B005EB98C /* Resources */ = {
			isa = PBXResourcesBuildPhase;
			buildActionMask = 2147483647;
			files = (
			);
			runOnlyForDeploymentPostprocessing = 0;
		};
/* End PBXResourcesBuildPhase section */

/* Begin PBXShellScriptBuildPhase section */
		43FF70284927FFCED70AAC45 /* [CP] Embed Pods Frameworks */ = {
			isa = PBXShellScriptBuildPhase;
			buildActionMask = 2147483647;
			files = (
			);
			inputPaths = (
			);
			name = "[CP] Embed Pods Frameworks";
			outputPaths = (
			);
			runOnlyForDeploymentPostprocessing = 0;
			shellPath = /bin/sh;
			shellScript = "\"${SRCROOT}/Pods/Target Support Files/Pods-Yummly/Pods-Yummly-frameworks.sh\"\n";
			showEnvVarsInLog = 0;
		};
		8DE288CBFCB9CEF4DA9B44CA /* [CP] Copy Pods Resources */ = {
			isa = PBXShellScriptBuildPhase;
			buildActionMask = 2147483647;
			files = (
			);
			inputPaths = (
			);
			name = "[CP] Copy Pods Resources";
			outputPaths = (
			);
			runOnlyForDeploymentPostprocessing = 0;
			shellPath = /bin/sh;
			shellScript = "\"${SRCROOT}/Pods/Target Support Files/Pods-Yummly/Pods-Yummly-resources.sh\"\n";
			showEnvVarsInLog = 0;
		};
		B76BB477BCB76B4F3088C385 /* [CP] Check Pods Manifest.lock */ = {
			isa = PBXShellScriptBuildPhase;
			buildActionMask = 2147483647;
			files = (
			);
			inputPaths = (
			);
			name = "[CP] Check Pods Manifest.lock";
			outputPaths = (
			);
			runOnlyForDeploymentPostprocessing = 0;
			shellPath = /bin/sh;
			shellScript = "diff \"${PODS_ROOT}/../Podfile.lock\" \"${PODS_ROOT}/Manifest.lock\" > /dev/null\nif [ $? != 0 ] ; then\n    # print error to STDERR\n    echo \"error: The sandbox is not in sync with the Podfile.lock. Run 'pod install' or update your CocoaPods installation.\" >&2\n    exit 1\nfi\n";
			showEnvVarsInLog = 0;
		};
/* End PBXShellScriptBuildPhase section */

/* Begin PBXSourcesBuildPhase section */
		DBB7612A1F05E45B005EB98C /* Sources */ = {
			isa = PBXSourcesBuildPhase;
			buildActionMask = 2147483647;
			files = (
				DBB761341F05E45B005EB98C /* ViewController.swift in Sources */,
				DBB761321F05E45B005EB98C /* AppDelegate.swift in Sources */,
			);
			runOnlyForDeploymentPostprocessing = 0;
		};
		DBB7613E1F05E45B005EB98C /* Sources */ = {
			isa = PBXSourcesBuildPhase;
			buildActionMask = 2147483647;
			files = (
				DBB761471F05E45B005EB98C /* YummlyTests.swift in Sources */,
			);
			runOnlyForDeploymentPostprocessing = 0;
		};
		DBB761491F05E45B005EB98C /* Sources */ = {
			isa = PBXSourcesBuildPhase;
			buildActionMask = 2147483647;
			files = (
				DBB761521F05E45B005EB98C /* YummlyUITests.swift in Sources */,
			);
			runOnlyForDeploymentPostprocessing = 0;
		};
/* End PBXSourcesBuildPhase section */

/* Begin PBXTargetDependency section */
		DBB761441F05E45B005EB98C /* PBXTargetDependency */ = {
			isa = PBXTargetDependency;
			target = DBB7612D1F05E45B005EB98C /* Yummly */;
			targetProxy = DBB761431F05E45B005EB98C /* PBXContainerItemProxy */;
		};
		DBB7614F1F05E45B005EB98C /* PBXTargetDependency */ = {
			isa = PBXTargetDependency;
			target = DBB7612D1F05E45B005EB98C /* Yummly */;
			targetProxy = DBB7614E1F05E45B005EB98C /* PBXContainerItemProxy */;
		};
/* End PBXTargetDependency section */

/* Begin PBXVariantGroup section */
		DBB761351F05E45B005EB98C /* Main.storyboard */ = {
			isa = PBXVariantGroup;
			children = (
				DBB761361F05E45B005EB98C /* Base */,
			);
			name = Main.storyboard;
			sourceTree = "<group>";
		};
		DBB7613A1F05E45B005EB98C /* LaunchScreen.storyboard */ = {
			isa = PBXVariantGroup;
			children = (
				DBB7613B1F05E45B005EB98C /* Base */,
			);
			name = LaunchScreen.storyboard;
			sourceTree = "<group>";
		};
/* End PBXVariantGroup section */

/* Begin XCBuildConfiguration section */
		DBB761541F05E45B005EB98C /* Debug */ = {
			isa = XCBuildConfiguration;
			buildSettings = {
				ALWAYS_SEARCH_USER_PATHS = NO;
				CLANG_ANALYZER_NONNULL = YES;
				CLANG_ANALYZER_NUMBER_OBJECT_CONVERSION = YES_AGGRESSIVE;
				CLANG_CXX_LANGUAGE_STANDARD = "gnu++0x";
				CLANG_CXX_LIBRARY = "libc++";
				CLANG_ENABLE_MODULES = YES;
				CLANG_ENABLE_OBJC_ARC = YES;
				CLANG_WARN_BOOL_CONVERSION = YES;
				CLANG_WARN_CONSTANT_CONVERSION = YES;
				CLANG_WARN_DIRECT_OBJC_ISA_USAGE = YES_ERROR;
				CLANG_WARN_DOCUMENTATION_COMMENTS = YES;
				CLANG_WARN_EMPTY_BODY = YES;
				CLANG_WARN_ENUM_CONVERSION = YES;
				CLANG_WARN_INFINITE_RECURSION = YES;
				CLANG_WARN_INT_CONVERSION = YES;
				CLANG_WARN_OBJC_ROOT_CLASS = YES_ERROR;
				CLANG_WARN_SUSPICIOUS_MOVE = YES;
				CLANG_WARN_UNREACHABLE_CODE = YES;
				CLANG_WARN__DUPLICATE_METHOD_MATCH = YES;
				"CODE_SIGN_IDENTITY[sdk=iphoneos*]" = "iPhone Developer";
				COPY_PHASE_STRIP = NO;
				DEBUG_INFORMATION_FORMAT = dwarf;
				ENABLE_STRICT_OBJC_MSGSEND = YES;
				ENABLE_TESTABILITY = YES;
				GCC_C_LANGUAGE_STANDARD = gnu99;
				GCC_DYNAMIC_NO_PIC = NO;
				GCC_NO_COMMON_BLOCKS = YES;
				GCC_OPTIMIZATION_LEVEL = 0;
				GCC_PREPROCESSOR_DEFINITIONS = (
					"DEBUG=1",
					"$(inherited)",
				);
				GCC_WARN_64_TO_32_BIT_CONVERSION = YES;
				GCC_WARN_ABOUT_RETURN_TYPE = YES_ERROR;
				GCC_WARN_UNDECLARED_SELECTOR = YES;
				GCC_WARN_UNINITIALIZED_AUTOS = YES_AGGRESSIVE;
				GCC_WARN_UNUSED_FUNCTION = YES;
				GCC_WARN_UNUSED_VARIABLE = YES;
				IPHONEOS_DEPLOYMENT_TARGET = 10.3;
				MTL_ENABLE_DEBUG_INFO = YES;
				ONLY_ACTIVE_ARCH = YES;
				SDKROOT = iphoneos;
				SWIFT_ACTIVE_COMPILATION_CONDITIONS = DEBUG;
				SWIFT_OPTIMIZATION_LEVEL = "-Onone";
			};
			name = Debug;
		};
		DBB761551F05E45B005EB98C /* Release */ = {
			isa = XCBuildConfiguration;
			buildSettings = {
				ALWAYS_SEARCH_USER_PATHS = NO;
				CLANG_ANALYZER_NONNULL = YES;
				CLANG_ANALYZER_NUMBER_OBJECT_CONVERSION = YES_AGGRESSIVE;
				CLANG_CXX_LANGUAGE_STANDARD = "gnu++0x";
				CLANG_CXX_LIBRARY = "libc++";
				CLANG_ENABLE_MODULES = YES;
				CLANG_ENABLE_OBJC_ARC = YES;
				CLANG_WARN_BOOL_CONVERSION = YES;
				CLANG_WARN_CONSTANT_CONVERSION = YES;
				CLANG_WARN_DIRECT_OBJC_ISA_USAGE = YES_ERROR;
				CLANG_WARN_DOCUMENTATION_COMMENTS = YES;
				CLANG_WARN_EMPTY_BODY = YES;
				CLANG_WARN_ENUM_CONVERSION = YES;
				CLANG_WARN_INFINITE_RECURSION = YES;
				CLANG_WARN_INT_CONVERSION = YES;
				CLANG_WARN_OBJC_ROOT_CLASS = YES_ERROR;
				CLANG_WARN_SUSPICIOUS_MOVE = YES;
				CLANG_WARN_UNREACHABLE_CODE = YES;
				CLANG_WARN__DUPLICATE_METHOD_MATCH = YES;
				"CODE_SIGN_IDENTITY[sdk=iphoneos*]" = "iPhone Developer";
				COPY_PHASE_STRIP = NO;
				DEBUG_INFORMATION_FORMAT = "dwarf-with-dsym";
				ENABLE_NS_ASSERTIONS = NO;
				ENABLE_STRICT_OBJC_MSGSEND = YES;
				GCC_C_LANGUAGE_STANDARD = gnu99;
				GCC_NO_COMMON_BLOCKS = YES;
				GCC_WARN_64_TO_32_BIT_CONVERSION = YES;
				GCC_WARN_ABOUT_RETURN_TYPE = YES_ERROR;
				GCC_WARN_UNDECLARED_SELECTOR = YES;
				GCC_WARN_UNINITIALIZED_AUTOS = YES_AGGRESSIVE;
				GCC_WARN_UNUSED_FUNCTION = YES;
				GCC_WARN_UNUSED_VARIABLE = YES;
				IPHONEOS_DEPLOYMENT_TARGET = 10.3;
				MTL_ENABLE_DEBUG_INFO = NO;
				SDKROOT = iphoneos;
				SWIFT_OPTIMIZATION_LEVEL = "-Owholemodule";
				VALIDATE_PRODUCT = YES;
			};
			name = Release;
		};
		DBB761571F05E45B005EB98C /* Debug */ = {
			isa = XCBuildConfiguration;
			baseConfigurationReference = 0A8088D120B8F3086CC15CD9 /* Pods-Yummly.debug.xcconfig */;
			buildSettings = {
				ASSETCATALOG_COMPILER_APPICON_NAME = AppIcon;
				DEVELOPMENT_TEAM = 7ALBEQ9P8C;
				INFOPLIST_FILE = Yummly/Info.plist;
				LD_RUNPATH_SEARCH_PATHS = "$(inherited) @executable_path/Frameworks";
				PRODUCT_BUNDLE_IDENTIFIER = gjj.Yummly;
				PRODUCT_NAME = "$(TARGET_NAME)";
				SWIFT_VERSION = 3.0;
			};
			name = Debug;
		};
		DBB761581F05E45B005EB98C /* Release */ = {
			isa = XCBuildConfiguration;
			baseConfigurationReference = 01B0AAF169E4DE0BFD52FDCA /* Pods-Yummly.release.xcconfig */;
			buildSettings = {
				ASSETCATALOG_COMPILER_APPICON_NAME = AppIcon;
				DEVELOPMENT_TEAM = 7ALBEQ9P8C;
				INFOPLIST_FILE = Yummly/Info.plist;
				LD_RUNPATH_SEARCH_PATHS = "$(inherited) @executable_path/Frameworks";
				PRODUCT_BUNDLE_IDENTIFIER = gjj.Yummly;
				PRODUCT_NAME = "$(TARGET_NAME)";
				SWIFT_VERSION = 3.0;
			};
			name = Release;
		};
		DBB7615A1F05E45B005EB98C /* Debug */ = {
			isa = XCBuildConfiguration;
			buildSettings = {
				ALWAYS_EMBED_SWIFT_STANDARD_LIBRARIES = YES;
				BUNDLE_LOADER = "$(TEST_HOST)";
				DEVELOPMENT_TEAM = 7ALBEQ9P8C;
				INFOPLIST_FILE = YummlyTests/Info.plist;
				LD_RUNPATH_SEARCH_PATHS = "$(inherited) @executable_path/Frameworks @loader_path/Frameworks";
				PRODUCT_BUNDLE_IDENTIFIER = gjj.YummlyTests;
				PRODUCT_NAME = "$(TARGET_NAME)";
				SWIFT_VERSION = 3.0;
				TEST_HOST = "$(BUILT_PRODUCTS_DIR)/Yummly.app/Yummly";
			};
			name = Debug;
		};
		DBB7615B1F05E45B005EB98C /* Release */ = {
			isa = XCBuildConfiguration;
			buildSettings = {
				ALWAYS_EMBED_SWIFT_STANDARD_LIBRARIES = YES;
				BUNDLE_LOADER = "$(TEST_HOST)";
				DEVELOPMENT_TEAM = 7ALBEQ9P8C;
				INFOPLIST_FILE = YummlyTests/Info.plist;
				LD_RUNPATH_SEARCH_PATHS = "$(inherited) @executable_path/Frameworks @loader_path/Frameworks";
				PRODUCT_BUNDLE_IDENTIFIER = gjj.YummlyTests;
				PRODUCT_NAME = "$(TARGET_NAME)";
				SWIFT_VERSION = 3.0;
				TEST_HOST = "$(BUILT_PRODUCTS_DIR)/Yummly.app/Yummly";
			};
			name = Release;
		};
		DBB7615D1F05E45B005EB98C /* Debug */ = {
			isa = XCBuildConfiguration;
			buildSettings = {
				ALWAYS_EMBED_SWIFT_STANDARD_LIBRARIES = YES;
				DEVELOPMENT_TEAM = 7ALBEQ9P8C;
				INFOPLIST_FILE = YummlyUITests/Info.plist;
				LD_RUNPATH_SEARCH_PATHS = "$(inherited) @executable_path/Frameworks @loader_path/Frameworks";
				PRODUCT_BUNDLE_IDENTIFIER = gjj.YummlyUITests;
				PRODUCT_NAME = "$(TARGET_NAME)";
				SWIFT_VERSION = 3.0;
				TEST_TARGET_NAME = Yummly;
			};
			name = Debug;
		};
		DBB7615E1F05E45B005EB98C /* Release */ = {
			isa = XCBuildConfiguration;
			buildSettings = {
				ALWAYS_EMBED_SWIFT_STANDARD_LIBRARIES = YES;
				DEVELOPMENT_TEAM = 7ALBEQ9P8C;
				INFOPLIST_FILE = YummlyUITests/Info.plist;
				LD_RUNPATH_SEARCH_PATHS = "$(inherited) @executable_path/Frameworks @loader_path/Frameworks";
				PRODUCT_BUNDLE_IDENTIFIER = gjj.YummlyUITests;
				PRODUCT_NAME = "$(TARGET_NAME)";
				SWIFT_VERSION = 3.0;
				TEST_TARGET_NAME = Yummly;
			};
			name = Release;
		};
/* End XCBuildConfiguration section */

/* Begin XCConfigurationList section */
		DBB761291F05E45B005EB98C /* Build configuration list for PBXProject "Yummly" */ = {
			isa = XCConfigurationList;
			buildConfigurations = (
				DBB761541F05E45B005EB98C /* Debug */,
				DBB761551F05E45B005EB98C /* Release */,
			);
			defaultConfigurationIsVisible = 0;
			defaultConfigurationName = Release;
		};
		DBB761561F05E45B005EB98C /* Build configuration list for PBXNativeTarget "Yummly" */ = {
			isa = XCConfigurationList;
			buildConfigurations = (
				DBB761571F05E45B005EB98C /* Debug */,
				DBB761581F05E45B005EB98C /* Release */,
			);
			defaultConfigurationIsVisible = 0;
		};
		DBB761591F05E45B005EB98C /* Build configuration list for PBXNativeTarget "YummlyTests" */ = {
			isa = XCConfigurationList;
			buildConfigurations = (
				DBB7615A1F05E45B005EB98C /* Debug */,
				DBB7615B1F05E45B005EB98C /* Release */,
			);
			defaultConfigurationIsVisible = 0;
		};
		DBB7615C1F05E45B005EB98C /* Build configuration list for PBXNativeTarget "YummlyUITests" */ = {
			isa = XCConfigurationList;
			buildConfigurations = (
				DBB7615D1F05E45B005EB98C /* Debug */,
				DBB7615E1F05E45B005EB98C /* Release */,
			);
			defaultConfigurationIsVisible = 0;
		};
/* End XCConfigurationList section */
	};
	rootObject = DBB761261F05E45B005EB98C /* Project object */;
}
